// !$*UTF8*$!
{
	archiveVersion = 1;
	classes = {
	};
	objectVersion = 46;
	objects = {

/* Begin PBXBuildFile section */
		A53795F51A99358E00B5F011 /* AppDelegate.swift in Sources */ = {isa = PBXBuildFile; fileRef = A53795F41A99358E00B5F011 /* AppDelegate.swift */; };
		A53795F71A99358E00B5F011 /* ViewController.swift in Sources */ = {isa = PBXBuildFile; fileRef = A53795F61A99358E00B5F011 /* ViewController.swift */; };
		A53795FA1A99358E00B5F011 /* Main.storyboard in Resources */ = {isa = PBXBuildFile; fileRef = A53795F81A99358E00B5F011 /* Main.storyboard */; };
		A53795FC1A99358E00B5F011 /* Images.xcassets in Resources */ = {isa = PBXBuildFile; fileRef = A53795FB1A99358E00B5F011 /* Images.xcassets */; };
		A53795FF1A99358E00B5F011 /* LaunchScreen.xib in Resources */ = {isa = PBXBuildFile; fileRef = A53795FD1A99358E00B5F011 /* LaunchScreen.xib */; };
		A537960B1A99358E00B5F011 /* testSwiftTests.swift in Sources */ = {isa = PBXBuildFile; fileRef = A537960A1A99358E00B5F011 /* testSwiftTests.swift */; };
/* End PBXBuildFile section */

/* Begin PBXContainerItemProxy section */
		A53796051A99358E00B5F011 /* PBXContainerItemProxy */ = {
			isa = PBXContainerItemProxy;
			containerPortal = A53795E71A99358E00B5F011 /* Project object */;
			proxyType = 1;
			remoteGlobalIDString = A53795EE1A99358E00B5F011;
			remoteInfo = testSwift;
		};
/* End PBXContainerItemProxy section */

/* Begin PBXFileReference section */
		A53795EF1A99358E00B5F011 /* testSwift.app */ = {isa = PBXFileReference; explicitFileType = wrapper.application; includeInIndex = 0; path = testSwift.app; sourceTree = BUILT_PRODUCTS_DIR; };
		A53795F31A99358E00B5F011 /* Info.plist */ = {isa = PBXFileReference; lastKnownFileType = text.plist.xml; path = Info.plist; sourceTree = "<group>"; };
		A53795F41A99358E00B5F011 /* AppDelegate.swift */ = {isa = PBXFileReference; lastKnownFileType = sourcecode.swift; path = AppDelegate.swift; sourceTree = "<group>"; };
		A53795F61A99358E00B5F011 /* ViewController.swift */ = {isa = PBXFileReference; lastKnownFileType = sourcecode.swift; path = ViewController.swift; sourceTree = "<group>"; };
		A53795F91A99358E00B5F011 /* Base */ = {isa = PBXFileReference; lastKnownFileType = file.storyboard; name = Base; path = Base.lproj/Main.storyboard; sourceTree = "<group>"; };
		A53795FB1A99358E00B5F011 /* Images.xcassets */ = {isa = PBXFileReference; lastKnownFileType = folder.assetcatalog; path = Images.xcassets; sourceTree = "<group>"; };
		A53795FE1A99358E00B5F011 /* Base */ = {isa = PBXFileReference; lastKnownFileType = file.xib; name = Base; path = Base.lproj/LaunchScreen.xib; sourceTree = "<group>"; };
		A53796041A99358E00B5F011 /* testSwiftTests.xctest */ = {isa = PBXFileReference; explicitFileType = wrapper.cfbundle; includeInIndex = 0; path = testSwiftTests.xctest; sourceTree = BUILT_PRODUCTS_DIR; };
		A53796091A99358E00B5F011 /* Info.plist */ = {isa = PBXFileReference; lastKnownFileType = text.plist.xml; path = Info.plist; sourceTree = "<group>"; };
		A537960A1A99358E00B5F011 /* testSwiftTests.swift */ = {isa = PBXFileReference; lastKnownFileType = sourcecode.swift; path = testSwiftTests.swift; sourceTree = "<group>"; };
/* End PBXFileReference section */

/* Begin PBXFrameworksBuildPhase section */
		A53795EC1A99358E00B5F011 /* Frameworks */ = {
			isa = PBXFrameworksBuildPhase;
			buildActionMask = 2147483647;
			files = (
			);
			runOnlyForDeploymentPostprocessing = 0;
		};
		A53796011A99358E00B5F011 /* Frameworks */ = {
			isa = PBXFrameworksBuildPhase;
			buildActionMask = 2147483647;
			files = (
			);
			runOnlyForDeploymentPostprocessing = 0;
		};
/* End PBXFrameworksBuildPhase section */

/* Begin PBXGroup section */
		A53795E61A99358E00B5F011 = {
			isa = PBXGroup;
			children = (
				A53795F11A99358E00B5F011 /* testSwift */,
				A53796071A99358E00B5F011 /* testSwiftTests */,
				A53795F01A99358E00B5F011 /* Products */,
			);
			sourceTree = "<group>";
		};
		A53795F01A99358E00B5F011 /* Products */ = {
			isa = PBXGroup;
			children = (
				A53795EF1A99358E00B5F011 /* testSwift.app */,
				A53796041A99358E00B5F011 /* testSwiftTests.xctest */,
			);
			name = Products;
			sourceTree = "<group>";
		};
		A53795F11A99358E00B5F011 /* testSwift */ = {
			isa = PBXGroup;
			children = (
				A53795F41A99358E00B5F011 /* AppDelegate.swift */,
				A53795F61A99358E00B5F011 /* ViewController.swift */,
				A53795F81A99358E00B5F011 /* Main.storyboard */,
				A53795FB1A99358E00B5F011 /* Images.xcassets */,
				A53795FD1A99358E00B5F011 /* LaunchScreen.xib */,
				A53795F21A99358E00B5F011 /* Supporting Files */,
			);
			path = testSwift;
			sourceTree = "<group>";
		};
		A53795F21A99358E00B5F011 /* Supporting Files */ = {
			isa = PBXGroup;
			children = (
				A53795F31A99358E00B5F011 /* Info.plist */,
			);
			name = "Supporting Files";
			sourceTree = "<group>";
		};
		A53796071A99358E00B5F011 /* testSwiftTests */ = {
			isa = PBXGroup;
			children = (
				A537960A1A99358E00B5F011 /* testSwiftTests.swift */,
				A53796081A99358E00B5F011 /* Supporting Files */,
			);
			path = testSwiftTests;
			sourceTree = "<group>";
		};
		A53796081A99358E00B5F011 /* Supporting Files */ = {
			isa = PBXGroup;
			children = (
				A53796091A99358E00B5F011 /* Info.plist */,
			);
			name = "Supporting Files";
			sourceTree = "<group>";
		};
/* End PBXGroup section */

/* Begin PBXNativeTarget section */
		A53795EE1A99358E00B5F011 /* testSwift */ = {
			isa = PBXNativeTarget;
			buildConfigurationList = A537960E1A99358E00B5F011 /* Build configuration list for PBXNativeTarget "testSwift" */;
			buildPhases = (
				A53795EB1A99358E00B5F011 /* Sources */,
				A53795EC1A99358E00B5F011 /* Frameworks */,
				A53795ED1A99358E00B5F011 /* Resources */,
			);
			buildRules = (
			);
			dependencies = (
			);
			name = testSwift;
			productName = testSwift;
			productReference = A53795EF1A99358E00B5F011 /* testSwift.app */;
			productType = "com.apple.product-type.application";
		};
		A53796031A99358E00B5F011 /* testSwiftTests */ = {
			isa = PBXNativeTarget;
			buildConfigurationList = A53796111A99358E00B5F011 /* Build configuration list for PBXNativeTarget "testSwiftTests" */;
			buildPhases = (
				A53796001A99358E00B5F011 /* Sources */,
				A53796011A99358E00B5F011 /* Frameworks */,
				A53796021A99358E00B5F011 /* Resources */,
			);
			buildRules = (
			);
			dependencies = (
				A53796061A99358E00B5F011 /* PBXTargetDependency */,
			);
			name = testSwiftTests;
			productName = testSwiftTests;
			productReference = A53796041A99358E00B5F011 /* testSwiftTests.xctest */;
			productType = "com.apple.product-type.bundle.unit-test";
		};
/* End PBXNativeTarget section */

/* Begin PBXProject section */
		A53795E71A99358E00B5F011 /* Project object */ = {
			isa = PBXProject;
			attributes = {
				LastUpgradeCheck = 0610;
				ORGANIZATIONNAME = "Rémi LEBLOND";
				TargetAttributes = {
					A53795EE1A99358E00B5F011 = {
						CreatedOnToolsVersion = 6.1.1;
					};
					A53796031A99358E00B5F011 = {
						CreatedOnToolsVersion = 6.1.1;
						TestTargetID = A53795EE1A99358E00B5F011;
					};
				};
			};
			buildConfigurationList = A53795EA1A99358E00B5F011 /* Build configuration list for PBXProject "testSwift" */;
			compatibilityVersion = "Xcode 3.2";
			developmentRegion = English;
			hasScannedForEncodings = 0;
			knownRegions = (
				en,
				Base,
			);
			mainGroup = A53795E61A99358E00B5F011;
			productRefGroup = A53795F01A99358E00B5F011 /* Products */;
			projectDirPath = "";
			projectRoot = "";
			targets = (
				A53795EE1A99358E00B5F011 /* testSwift */,
				A53796031A99358E00B5F011 /* testSwiftTests */,
			);
		};
/* End PBXProject section */

/* Begin PBXResourcesBuildPhase section */
		A53795ED1A99358E00B5F011 /* Resources */ = {
			isa = PBXResourcesBuildPhase;
			buildActionMask = 2147483647;
			files = (
				A53795FA1A99358E00B5F011 /* Main.storyboard in Resources */,
				A53795FF1A99358E00B5F011 /* LaunchScreen.xib in Resources */,
				A53795FC1A99358E00B5F011 /* Images.xcassets in Resources */,
			);
			runOnlyForDeploymentPostprocessing = 0;
		};
		A53796021A99358E00B5F011 /* Resources */ = {
			isa = PBXResourcesBuildPhase;
			buildActionMask = 2147483647;
			files = (
			);
			runOnlyForDeploymentPostprocessing = 0;
		};
/* End PBXResourcesBuildPhase section */

/* Begin PBXSourcesBuildPhase section */
		A53795EB1A99358E00B5F011 /* Sources */ = {
			isa = PBXSourcesBuildPhase;
			buildActionMask = 2147483647;
			files = (
				A53795F71A99358E00B5F011 /* ViewController.swift in Sources */,
				A53795F51A99358E00B5F011 /* AppDelegate.swift in Sources */,
			);
			runOnlyForDeploymentPostprocessing = 0;
		};
		A53796001A99358E00B5F011 /* Sources */ = {
			isa = PBXSourcesBuildPhase;
			buildActionMask = 2147483647;
			files = (
				A537960B1A99358E00B5F011 /* testSwiftTests.swift in Sources */,
			);
			runOnlyForDeploymentPostprocessing = 0;
		};
/* End PBXSourcesBuildPhase section */

/* Begin PBXTargetDependency section */
		A53796061A99358E00B5F011 /* PBXTargetDependency */ = {
			isa = PBXTargetDependency;
			target = A53795EE1A99358E00B5F011 /* testSwift */;
			targetProxy = A53796051A99358E00B5F011 /* PBXContainerItemProxy */;
		};
/* End PBXTargetDependency section */

/* Begin PBXVariantGroup section */
		A53795F81A99358E00B5F011 /* Main.storyboard */ = {
			isa = PBXVariantGroup;
			children = (
				A53795F91A99358E00B5F011 /* Base */,
			);
			name = Main.storyboard;
			sourceTree = "<group>";
		};
		A53795FD1A99358E00B5F011 /* LaunchScreen.xib */ = {
			isa = PBXVariantGroup;
			children = (
				A53795FE1A99358E00B5F011 /* Base */,
			);
			name = LaunchScreen.xib;
			sourceTree = "<group>";
		};
/* End PBXVariantGroup section */

/* Begin XCBuildConfiguration section */
		A537960C1A99358E00B5F011 /* Debug */ = {
			isa = XCBuildConfiguration;
			buildSettings = {
				ALWAYS_SEARCH_USER_PATHS = NO;
				CLANG_CXX_LANGUAGE_STANDARD = "gnu++0x";
				CLANG_CXX_LIBRARY = "libc++";
				CLANG_ENABLE_MODULES = YES;
				CLANG_ENABLE_OBJC_ARC = YES;
				CLANG_WARN_BOOL_CONVERSION = YES;
				CLANG_WARN_CONSTANT_CONVERSION = YES;
				CLANG_WARN_DIRECT_OBJC_ISA_USAGE = YES_ERROR;
				CLANG_WARN_EMPTY_BODY = YES;
				CLANG_WARN_ENUM_CONVERSION = YES;
				CLANG_WARN_INT_CONVERSION = YES;
				CLANG_WARN_OBJC_ROOT_CLASS = YES_ERROR;
				CLANG_WARN_UNREACHABLE_CODE = YES;
				CLANG_WARN__DUPLICATE_METHOD_MATCH = YES;
				"CODE_SIGN_IDENTITY[sdk=iphoneos*]" = "iPhone Developer";
				COPY_PHASE_STRIP = NO;
				ENABLE_STRICT_OBJC_MSGSEND = YES;
				GCC_C_LANGUAGE_STANDARD = gnu99;
				GCC_DYNAMIC_NO_PIC = NO;
				GCC_OPTIMIZATION_LEVEL = 0;
				GCC_PREPROCESSOR_DEFINITIONS = (
					"DEBUG=1",
					"$(inherited)",
				);
				GCC_SYMBOLS_PRIVATE_EXTERN = NO;
				GCC_WARN_64_TO_32_BIT_CONVERSION = YES;
				GCC_WARN_ABOUT_RETURN_TYPE = YES_ERROR;
				GCC_WARN_UNDECLARED_SELECTOR = YES;
				GCC_WARN_UNINITIALIZED_AUTOS = YES_AGGRESSIVE;
				GCC_WARN_UNUSED_FUNCTION = YES;
				GCC_WARN_UNUSED_VARIABLE = YES;
				IPHONEOS_DEPLOYMENT_TARGET = 8.1;
				MTL_ENABLE_DEBUG_INFO = YES;
				ONLY_ACTIVE_ARCH = YES;
				SDKROOT = iphoneos;
				SWIFT_OPTIMIZATION_LEVEL = "-Onone";
				TARGETED_DEVICE_FAMILY = "1,2";
			};
			name = Debug;
		};
		A537960D1A99358E00B5F011 /* Release */ = {
			isa = XCBuildConfiguration;
			buildSettings = {
				ALWAYS_SEARCH_USER_PATHS = NO;
				CLANG_CXX_LANGUAGE_STANDARD = "gnu++0x";
				CLANG_CXX_LIBRARY = "libc++";
				CLANG_ENABLE_MODULES = YES;
				CLANG_ENABLE_OBJC_ARC = YES;
				CLANG_WARN_BOOL_CONVERSION = YES;
				CLANG_WARN_CONSTANT_CONVERSION = YES;
				CLANG_WARN_DIRECT_OBJC_ISA_USAGE = YES_ERROR;
				CLANG_WARN_EMPTY_BODY = YES;
				CLANG_WARN_ENUM_CONVERSION = YES;
				CLANG_WARN_INT_CONVERSION = YES;
				CLANG_WARN_OBJC_ROOT_CLASS = YES_ERROR;
				CLANG_WARN_UNREACHABLE_CODE = YES;
				CLANG_WARN__DUPLICATE_METHOD_MATCH = YES;
				"CODE_SIGN_IDENTITY[sdk=iphoneos*]" = "iPhone Developer";
				COPY_PHASE_STRIP = YES;
				ENABLE_NS_ASSERTIONS = NO;
				ENABLE_STRICT_OBJC_MSGSEND = YES;
				GCC_C_LANGUAGE_STANDARD = gnu99;
				GCC_WARN_64_TO_32_BIT_CONVERSION = YES;
				GCC_WARN_ABOUT_RETURN_TYPE = YES_ERROR;
				GCC_WARN_UNDECLARED_SELECTOR = YES;
				GCC_WARN_UNINITIALIZED_AUTOS = YES_AGGRESSIVE;
				GCC_WARN_UNUSED_FUNCTION = YES;
				GCC_WARN_UNUSED_VARIABLE = YES;
				IPHONEOS_DEPLOYMENT_TARGET = 8.1;
				MTL_ENABLE_DEBUG_INFO = NO;
				SDKROOT = iphoneos;
				TARGETED_DEVICE_FAMILY = "1,2";
				VALIDATE_PRODUCT = YES;
			};
			name = Release;
		};
		A537960F1A99358E00B5F011 /* Debug */ = {
			isa = XCBuildConfiguration;
			buildSettings = {
				ASSETCATALOG_COMPILER_APPICON_NAME = AppIcon;
				INFOPLIST_FILE = testSwift/Info.plist;
				IPHONEOS_DEPLOYMENT_TARGET = 8.1;
				LD_RUNPATH_SEARCH_PATHS = "$(inherited) @executable_path/Frameworks";
				PRODUCT_NAME = "$(TARGET_NAME)";
			};
			name = Debug;
		};
		A53796101A99358E00B5F011 /* Release */ = {
			isa = XCBuildConfiguration;
			buildSettings = {
				ASSETCATALOG_COMPILER_APPICON_NAME = AppIcon;
				INFOPLIST_FILE = testSwift/Info.plist;
				IPHONEOS_DEPLOYMENT_TARGET = 8.1;
				LD_RUNPATH_SEARCH_PATHS = "$(inherited) @executable_path/Frameworks";
				PRODUCT_NAME = "$(TARGET_NAME)";
			};
			name = Release;
		};
		A53796121A99358E00B5F011 /* Debug */ = {
			isa = XCBuildConfiguration;
			buildSettings = {
				BUNDLE_LOADER = "$(TEST_HOST)";
				FRAMEWORK_SEARCH_PATHS = (
					"$(SDKROOT)/Developer/Library/Frameworks",
					"$(inherited)",
				);
				GCC_PREPROCESSOR_DEFINITIONS = (
					"DEBUG=1",
					"$(inherited)",
				);
				INFOPLIST_FILE = testSwiftTests/Info.plist;
				LD_RUNPATH_SEARCH_PATHS = "$(inherited) @executable_path/Frameworks @loader_path/Frameworks";
				PRODUCT_NAME = "$(TARGET_NAME)";
				TEST_HOST = "$(BUILT_PRODUCTS_DIR)/testSwift.app/testSwift";
			};
			name = Debug;
		};
		A53796131A99358E00B5F011 /* Release */ = {
			isa = XCBuildConfiguration;
			buildSettings = {
				BUNDLE_LOADER = "$(TEST_HOST)";
				FRAMEWORK_SEARCH_PATHS = (
					"$(SDKROOT)/Developer/Library/Frameworks",
					"$(inherited)",
				);
				INFOPLIST_FILE = testSwiftTests/Info.plist;
				LD_RUNPATH_SEARCH_PATHS = "$(inherited) @executable_path/Frameworks @loader_path/Frameworks";
				PRODUCT_NAME = "$(TARGET_NAME)";
				TEST_HOST = "$(BUILT_PRODUCTS_DIR)/testSwift.app/testSwift";
			};
			name = Release;
		};
/* End XCBuildConfiguration section */

/* Begin XCConfigurationList section */
		A53795EA1A99358E00B5F011 /* Build configuration list for PBXProject "testSwift" */ = {
			isa = XCConfigurationList;
			buildConfigurations = (
				A537960C1A99358E00B5F011 /* Debug */,
				A537960D1A99358E00B5F011 /* Release */,
			);
			defaultConfigurationIsVisible = 0;
			defaultConfigurationName = Release;
		};
		A537960E1A99358E00B5F011 /* Build configuration list for PBXNativeTarget "testSwift" */ = {
			isa = XCConfigurationList;
			buildConfigurations = (
				A537960F1A99358E00B5F011 /* Debug */,
				A53796101A99358E00B5F011 /* Release */,
			);
			defaultConfigurationIsVisible = 0;
		};
		A53796111A99358E00B5F011 /* Build configuration list for PBXNativeTarget "testSwiftTests" */ = {
			isa = XCConfigurationList;
			buildConfigurations = (
				A53796121A99358E00B5F011 /* Debug */,
				A53796131A99358E00B5F011 /* Release */,
			);
			defaultConfigurationIsVisible = 0;
		};
/* End XCConfigurationList section */
	};
	rootObject = A53795E71A99358E00B5F011 /* Project object */;
}
